
Microsoft Visual Studio Solution File, Format Version 12.00
# Visual Studio Version 16
VisualStudioVersion = 16.0.29326.143
MinimumVisualStudioVersion = 10.0.40219.1
Project("{FAE04EC0-301F-11D3-BF4B-00C04F79EFBC}") = "WPFDatabse", "WPFDatabse\WPFDatabse.csproj", "{122A81F3-AA59-4335-A1F8-CCB012FE861E}"
EndProject
Global
	GlobalSection(SolutionConfigurationPlatforms) = preSolution
		Debug|Any CPU = Debug|Any CPU
		Release|Any CPU = Release|Any CPU
	EndGlobalSection
	GlobalSection(ProjectConfigurationPlatforms) = postSolution
		{122A81F3-AA59-4335-A1F8-CCB012FE861E}.Debug|Any CPU.ActiveCfg = Debug|Any CPU
		{122A81F3-AA59-4335-A1F8-CCB012FE861E}.Debug|Any CPU.Build.0 = Debug|Any CPU
		{122A81F3-AA59-4335-A1F8-CCB012FE861E}.Release|Any CPU.ActiveCfg = Release|Any CPU
		{122A81F3-AA59-4335-A1F8-CCB012FE861E}.Release|Any CPU.Build.0 = Release|Any CPU
	EndGlobalSection
	GlobalSection(SolutionProperties) = preSolution
		HideSolutionNode = FALSE
	EndGlobalSection
	GlobalSection(ExtensibilityGlobals) = postSolution
		SolutionGuid = {C4159813-5067-4450-AF5C-4D3880431CB2}
	EndGlobalSection
EndGlobal
